[[package]]
category = "main"
description = "Extensions for Django"
name = "django-extensions"
optional = false
python-versions = ">=3.5"
version = "3.0.3"

[package.dependencies]
six = ">=1.2"

[[package]]
category = "main"
description = "An extensible user-registration application for Django"
name = "django-registration-redux"
optional = false
python-versions = "*"
version = "2.8"

[[package]]
category = "main"
description = "Python 2 and 3 compatibility utilities"
name = "six"
optional = false
python-versions = ">=2.7, !=3.0.*, !=3.1.*, !=3.2.*"
version = "1.15.0"

[metadata]
content-hash = "46a7e26f104d65599b4ada29d0be419217e54567840506d48d0797bea2086e25"
python-versions = "^3.8"

[metadata.files]
django-extensions = [
    {file = "django-extensions-3.0.3.tar.gz", hash = "sha256:6230898b1e1d5deb3ddab8335b2d270edb7afa4ef916a95e479a19fdfb0464cb"},
    {file = "django_extensions-3.0.3-py2.py3-none-any.whl", hash = "sha256:d5fcf8f3bab019487e07473c24453bccd5acfb4440f3ef36788294c307b09d4c"},
]
django-registration-redux = [
    {file = "django-registration-redux-2.8.tar.gz", hash = "sha256:ed525f393c452d3f5044148131cafbf50da7bdec9f78b594450bf01ad67085d4"},
    {file = "django_registration_redux-2.8-py2.py3-none-any.whl", hash = "sha256:ed1ead5398e48bdc37064ab1e269b49301765701984e8d956a641aad2ff3a3ca"},
]
six = [
    {file = "six-1.15.0-py2.py3-none-any.whl", hash = "sha256:8b74bedcbbbaca38ff6d7491d76f2b06b3592611af620f8426e82dddb04a5ced"},
    {file = "six-1.15.0.tar.gz", hash = "sha256:30639c035cdb23534cd4aa2dd52c3bf48f06e5f4a941509c8bafd8ce11080259"},
]
